
Microsoft Visual Studio Solution File, Format Version 12.00
# Visual Studio Version 16
VisualStudioVersion = 16.0.29609.76
MinimumVisualStudioVersion = 15.0.26124.0
Project("{9A19103F-16F7-4668-BE54-9A1E7A4F7556}") = "Api", "Api\Api.csproj", "{20CB16D1-004F-44A9-83C5-094E572E125F}"
EndProject
Project("{9A19103F-16F7-4668-BE54-9A1E7A4F7556}") = "Infrastructure", "Infrastructure\Infrastructure.csproj", "{D4100C79-888B-4D0B-9DC7-663D699A55DB}"
EndProject
Project("{9A19103F-16F7-4668-BE54-9A1E7A4F7556}") = "Domain", "Domain\Domain.csproj", "{E27B459C-6CA8-4165-BA6F-BF2D1D83A87A}"
EndProject
Project("{9A19103F-16F7-4668-BE54-9A1E7A4F7556}") = "UnitTests", "UnitTests\UnitTests.csproj", "{8639790B-B2B5-4343-AE93-F727BE439760}"
EndProject
Project("{2150E333-8FDC-42A3-9474-1A3956D46DE8}") = "Solution Items", "Solution Items", "{962B9C62-C27B-4E11-AFCF-43ABD1125C47}"
	ProjectSection(SolutionItems) = preProject
		.editorconfig = .editorconfig
	EndProjectSection
EndProject
Project("{9A19103F-16F7-4668-BE54-9A1E7A4F7556}") = "DbMigration", "DbMigration\DbMigration.csproj", "{23482EC5-0004-4D77-A138-AD8AB3202D4F}"
EndProject
Project("{9A19103F-16F7-4668-BE54-9A1E7A4F7556}") = "Background", "Background\Background.csproj", "{20EC7244-B43C-44DB-93FF-AA66D20721D7}"
EndProject
Project("{9A19103F-16F7-4668-BE54-9A1E7A4F7556}") = "EHRProcess", "EHRProcess\EHRProcess.csproj", "{3E08650E-56D4-4CF5-97DA-30B766650425}"
EndProject
Project("{9A19103F-16F7-4668-BE54-9A1E7A4F7556}") = "EmailProcess", "EmailProcess\EmailProcess.csproj", "{415CCE0F-BD6C-428D-B38F-179559E5547A}"
EndProject
Project("{9A19103F-16F7-4668-BE54-9A1E7A4F7556}") = "ReminderNotificationProcess", "ReminderNotificationProcess\ReminderNotificationProcess.csproj", "{13471039-B47D-4C0C-8F43-04003D99BFAE}"
EndProject
Project("{9A19103F-16F7-4668-BE54-9A1E7A4F7556}") = "ImportProcess", "ImportProcess\ImportProcess.csproj", "{A21EBC52-D987-4AA0-90D9-E730983DB71E}"
EndProject
Project("{9A19103F-16F7-4668-BE54-9A1E7A4F7556}") = "ReminderAutoResolveProcess", "ReminderAutoResolveProcess\ReminderAutoResolveProcess.csproj", "{FC4CC85C-34FD-4A97-A9D7-951FC4274FB4}"
EndProject
Project("{9A19103F-16F7-4668-BE54-9A1E7A4F7556}") = "AlertNotificationProcess", "AlertNotficationProcess\AlertNotificationProcess.csproj", "{DC77C891-E4FF-4C98-8325-26910590BE18}"
EndProject
Project("{9A19103F-16F7-4668-BE54-9A1E7A4F7556}") = "AlertAutoResolveProcess", "AlertAutoResolveProcess\AlertAutoResolveProcess.csproj", "{0659820D-BEBD-496D-AB35-93E0F55FB090}"
EndProject
Project("{9A19103F-16F7-4668-BE54-9A1E7A4F7556}") = "StatusUpdateProcess", "StatusUpdateProcess\StatusUpdateProcess.csproj", "{4E84F4A9-E64E-4763-BFE9-A6690F31C4AF}"
EndProject
Project("{9A19103F-16F7-4668-BE54-9A1E7A4F7556}") = "ReminderTriggerProcess", "ReminderTriggerProcess\ReminderTriggerProcess.csproj", "{7D13A55E-2A73-4436-99FD-F4B01870AE04}"
EndProject
Project("{9A19103F-16F7-4668-BE54-9A1E7A4F7556}") = "DashboardMatrixCalculationProcess", "DashboardMatrixCalculationProcess\DashboardMatrixCalculationProcess.csproj", "{DBC0407E-2007-4B1E-9340-0DB82E400242}"
EndProject
Project("{9A19103F-16F7-4668-BE54-9A1E7A4F7556}") = "FutureReminderScheduleProcess", "FutureReminderScheduleProcess\FutureReminderScheduleProcess.csproj", "{8B03CB9A-1276-4210-A24D-F4F4739FADE4}"
EndProject
Project("{9A19103F-16F7-4668-BE54-9A1E7A4F7556}") = "InviteToCompleteTriggerProcess", "InviteToCompleteTriggerProcess\InviteToCompleteTriggerProcess.csproj", "{EE852002-BAB2-493F-A07B-8FCE64B4F83B}"
EndProject
Project("{9A19103F-16F7-4668-BE54-9A1E7A4F7556}") = "PowerBIEmbeddedTokenAPI", "PowerBIEmbeddedTokenProcess\PowerBIEmbeddedTokenAPI.csproj", "{4ABED235-5FC0-46E6-B375-EF1554BD7974}"
EndProject
Project("{9A19103F-16F7-4668-BE54-9A1E7A4F7556}") = "b2c-ms-graph", "ms-identity-dotnetcore-b2c-account-management-Updated\src\b2c-ms-graph.csproj", "{B2343EF8-6006-4615-BA28-9BBF74792597}"
EndProject
Global
	GlobalSection(SolutionConfigurationPlatforms) = preSolution
		Debug|Any CPU = Debug|Any CPU
		Debug|x64 = Debug|x64
		Debug|x86 = Debug|x86
		Release|Any CPU = Release|Any CPU
		Release|x64 = Release|x64
		Release|x86 = Release|x86
	EndGlobalSection
	GlobalSection(ProjectConfigurationPlatforms) = postSolution
		{20CB16D1-004F-44A9-83C5-094E572E125F}.Debug|Any CPU.ActiveCfg = Debug|Any CPU
		{20CB16D1-004F-44A9-83C5-094E572E125F}.Debug|Any CPU.Build.0 = Debug|Any CPU
		{20CB16D1-004F-44A9-83C5-094E572E125F}.Debug|x64.ActiveCfg = Debug|Any CPU
		{20CB16D1-004F-44A9-83C5-094E572E125F}.Debug|x64.Build.0 = Debug|Any CPU
		{20CB16D1-004F-44A9-83C5-094E572E125F}.Debug|x86.ActiveCfg = Debug|Any CPU
		{20CB16D1-004F-44A9-83C5-094E572E125F}.Debug|x86.Build.0 = Debug|Any CPU
		{20CB16D1-004F-44A9-83C5-094E572E125F}.Release|Any CPU.ActiveCfg = Release|Any CPU
		{20CB16D1-004F-44A9-83C5-094E572E125F}.Release|Any CPU.Build.0 = Release|Any CPU
		{20CB16D1-004F-44A9-83C5-094E572E125F}.Release|x64.ActiveCfg = Release|Any CPU
		{20CB16D1-004F-44A9-83C5-094E572E125F}.Release|x64.Build.0 = Release|Any CPU
		{20CB16D1-004F-44A9-83C5-094E572E125F}.Release|x86.ActiveCfg = Release|Any CPU
		{20CB16D1-004F-44A9-83C5-094E572E125F}.Release|x86.Build.0 = Release|Any CPU
		{D4100C79-888B-4D0B-9DC7-663D699A55DB}.Debug|Any CPU.ActiveCfg = Debug|Any CPU
		{D4100C79-888B-4D0B-9DC7-663D699A55DB}.Debug|Any CPU.Build.0 = Debug|Any CPU
		{D4100C79-888B-4D0B-9DC7-663D699A55DB}.Debug|x64.ActiveCfg = Debug|Any CPU
		{D4100C79-888B-4D0B-9DC7-663D699A55DB}.Debug|x64.Build.0 = Debug|Any CPU
		{D4100C79-888B-4D0B-9DC7-663D699A55DB}.Debug|x86.ActiveCfg = Debug|Any CPU
		{D4100C79-888B-4D0B-9DC7-663D699A55DB}.Debug|x86.Build.0 = Debug|Any CPU
		{D4100C79-888B-4D0B-9DC7-663D699A55DB}.Release|Any CPU.ActiveCfg = Release|Any CPU
		{D4100C79-888B-4D0B-9DC7-663D699A55DB}.Release|Any CPU.Build.0 = Release|Any CPU
		{D4100C79-888B-4D0B-9DC7-663D699A55DB}.Release|x64.ActiveCfg = Release|Any CPU
		{D4100C79-888B-4D0B-9DC7-663D699A55DB}.Release|x64.Build.0 = Release|Any CPU
		{D4100C79-888B-4D0B-9DC7-663D699A55DB}.Release|x86.ActiveCfg = Release|Any CPU
		{D4100C79-888B-4D0B-9DC7-663D699A55DB}.Release|x86.Build.0 = Release|Any CPU
		{E27B459C-6CA8-4165-BA6F-BF2D1D83A87A}.Debug|Any CPU.ActiveCfg = Debug|Any CPU
		{E27B459C-6CA8-4165-BA6F-BF2D1D83A87A}.Debug|Any CPU.Build.0 = Debug|Any CPU
		{E27B459C-6CA8-4165-BA6F-BF2D1D83A87A}.Debug|x64.ActiveCfg = Debug|Any CPU
		{E27B459C-6CA8-4165-BA6F-BF2D1D83A87A}.Debug|x64.Build.0 = Debug|Any CPU
		{E27B459C-6CA8-4165-BA6F-BF2D1D83A87A}.Debug|x86.ActiveCfg = Debug|Any CPU
		{E27B459C-6CA8-4165-BA6F-BF2D1D83A87A}.Debug|x86.Build.0 = Debug|Any CPU
		{E27B459C-6CA8-4165-BA6F-BF2D1D83A87A}.Release|Any CPU.ActiveCfg = Release|Any CPU
		{E27B459C-6CA8-4165-BA6F-BF2D1D83A87A}.Release|Any CPU.Build.0 = Release|Any CPU
		{E27B459C-6CA8-4165-BA6F-BF2D1D83A87A}.Release|x64.ActiveCfg = Release|Any CPU
		{E27B459C-6CA8-4165-BA6F-BF2D1D83A87A}.Release|x64.Build.0 = Release|Any CPU
		{E27B459C-6CA8-4165-BA6F-BF2D1D83A87A}.Release|x86.ActiveCfg = Release|Any CPU
		{E27B459C-6CA8-4165-BA6F-BF2D1D83A87A}.Release|x86.Build.0 = Release|Any CPU
		{8639790B-B2B5-4343-AE93-F727BE439760}.Debug|Any CPU.ActiveCfg = Debug|Any CPU
		{8639790B-B2B5-4343-AE93-F727BE439760}.Debug|Any CPU.Build.0 = Debug|Any CPU
		{8639790B-B2B5-4343-AE93-F727BE439760}.Debug|x64.ActiveCfg = Debug|Any CPU
		{8639790B-B2B5-4343-AE93-F727BE439760}.Debug|x64.Build.0 = Debug|Any CPU
		{8639790B-B2B5-4343-AE93-F727BE439760}.Debug|x86.ActiveCfg = Debug|Any CPU
		{8639790B-B2B5-4343-AE93-F727BE439760}.Debug|x86.Build.0 = Debug|Any CPU
		{8639790B-B2B5-4343-AE93-F727BE439760}.Release|Any CPU.ActiveCfg = Release|Any CPU
		{8639790B-B2B5-4343-AE93-F727BE439760}.Release|Any CPU.Build.0 = Release|Any CPU
		{8639790B-B2B5-4343-AE93-F727BE439760}.Release|x64.ActiveCfg = Release|Any CPU
		{8639790B-B2B5-4343-AE93-F727BE439760}.Release|x64.Build.0 = Release|Any CPU
		{8639790B-B2B5-4343-AE93-F727BE439760}.Release|x86.ActiveCfg = Release|Any CPU
		{8639790B-B2B5-4343-AE93-F727BE439760}.Release|x86.Build.0 = Release|Any CPU
		{23482EC5-0004-4D77-A138-AD8AB3202D4F}.Debug|Any CPU.ActiveCfg = Debug|Any CPU
		{23482EC5-0004-4D77-A138-AD8AB3202D4F}.Debug|Any CPU.Build.0 = Debug|Any CPU
		{23482EC5-0004-4D77-A138-AD8AB3202D4F}.Debug|x64.ActiveCfg = Debug|Any CPU
		{23482EC5-0004-4D77-A138-AD8AB3202D4F}.Debug|x64.Build.0 = Debug|Any CPU
		{23482EC5-0004-4D77-A138-AD8AB3202D4F}.Debug|x86.ActiveCfg = Debug|Any CPU
		{23482EC5-0004-4D77-A138-AD8AB3202D4F}.Debug|x86.Build.0 = Debug|Any CPU
		{23482EC5-0004-4D77-A138-AD8AB3202D4F}.Release|Any CPU.ActiveCfg = Release|Any CPU
		{23482EC5-0004-4D77-A138-AD8AB3202D4F}.Release|Any CPU.Build.0 = Release|Any CPU
		{23482EC5-0004-4D77-A138-AD8AB3202D4F}.Release|x64.ActiveCfg = Release|Any CPU
		{23482EC5-0004-4D77-A138-AD8AB3202D4F}.Release|x64.Build.0 = Release|Any CPU
		{23482EC5-0004-4D77-A138-AD8AB3202D4F}.Release|x86.ActiveCfg = Release|Any CPU
		{23482EC5-0004-4D77-A138-AD8AB3202D4F}.Release|x86.Build.0 = Release|Any CPU
		{20EC7244-B43C-44DB-93FF-AA66D20721D7}.Debug|Any CPU.ActiveCfg = Debug|Any CPU
		{20EC7244-B43C-44DB-93FF-AA66D20721D7}.Debug|Any CPU.Build.0 = Debug|Any CPU
		{20EC7244-B43C-44DB-93FF-AA66D20721D7}.Debug|x64.ActiveCfg = Debug|Any CPU
		{20EC7244-B43C-44DB-93FF-AA66D20721D7}.Debug|x64.Build.0 = Debug|Any CPU
		{20EC7244-B43C-44DB-93FF-AA66D20721D7}.Debug|x86.ActiveCfg = Debug|Any CPU
		{20EC7244-B43C-44DB-93FF-AA66D20721D7}.Debug|x86.Build.0 = Debug|Any CPU
		{20EC7244-B43C-44DB-93FF-AA66D20721D7}.Release|Any CPU.ActiveCfg = Release|Any CPU
		{20EC7244-B43C-44DB-93FF-AA66D20721D7}.Release|Any CPU.Build.0 = Release|Any CPU
		{20EC7244-B43C-44DB-93FF-AA66D20721D7}.Release|x64.ActiveCfg = Release|Any CPU
		{20EC7244-B43C-44DB-93FF-AA66D20721D7}.Release|x64.Build.0 = Release|Any CPU
		{20EC7244-B43C-44DB-93FF-AA66D20721D7}.Release|x86.ActiveCfg = Release|Any CPU
		{20EC7244-B43C-44DB-93FF-AA66D20721D7}.Release|x86.Build.0 = Release|Any CPU
		{3E08650E-56D4-4CF5-97DA-30B766650425}.Debug|Any CPU.ActiveCfg = Debug|Any CPU
		{3E08650E-56D4-4CF5-97DA-30B766650425}.Debug|Any CPU.Build.0 = Debug|Any CPU
		{3E08650E-56D4-4CF5-97DA-30B766650425}.Debug|x64.ActiveCfg = Debug|Any CPU
		{3E08650E-56D4-4CF5-97DA-30B766650425}.Debug|x64.Build.0 = Debug|Any CPU
		{3E08650E-56D4-4CF5-97DA-30B766650425}.Debug|x86.ActiveCfg = Debug|Any CPU
		{3E08650E-56D4-4CF5-97DA-30B766650425}.Debug|x86.Build.0 = Debug|Any CPU
		{3E08650E-56D4-4CF5-97DA-30B766650425}.Release|Any CPU.ActiveCfg = Release|Any CPU
		{3E08650E-56D4-4CF5-97DA-30B766650425}.Release|Any CPU.Build.0 = Release|Any CPU
		{3E08650E-56D4-4CF5-97DA-30B766650425}.Release|x64.ActiveCfg = Release|Any CPU
		{3E08650E-56D4-4CF5-97DA-30B766650425}.Release|x64.Build.0 = Release|Any CPU
		{3E08650E-56D4-4CF5-97DA-30B766650425}.Release|x86.ActiveCfg = Release|Any CPU
		{3E08650E-56D4-4CF5-97DA-30B766650425}.Release|x86.Build.0 = Release|Any CPU
		{415CCE0F-BD6C-428D-B38F-179559E5547A}.Debug|Any CPU.ActiveCfg = Debug|Any CPU
		{415CCE0F-BD6C-428D-B38F-179559E5547A}.Debug|Any CPU.Build.0 = Debug|Any CPU
		{415CCE0F-BD6C-428D-B38F-179559E5547A}.Debug|x64.ActiveCfg = Debug|Any CPU
		{415CCE0F-BD6C-428D-B38F-179559E5547A}.Debug|x64.Build.0 = Debug|Any CPU
		{415CCE0F-BD6C-428D-B38F-179559E5547A}.Debug|x86.ActiveCfg = Debug|Any CPU
		{415CCE0F-BD6C-428D-B38F-179559E5547A}.Debug|x86.Build.0 = Debug|Any CPU
		{415CCE0F-BD6C-428D-B38F-179559E5547A}.Release|Any CPU.ActiveCfg = Release|Any CPU
		{415CCE0F-BD6C-428D-B38F-179559E5547A}.Release|Any CPU.Build.0 = Release|Any CPU
		{415CCE0F-BD6C-428D-B38F-179559E5547A}.Release|x64.ActiveCfg = Release|Any CPU
		{415CCE0F-BD6C-428D-B38F-179559E5547A}.Release|x64.Build.0 = Release|Any CPU
		{415CCE0F-BD6C-428D-B38F-179559E5547A}.Release|x86.ActiveCfg = Release|Any CPU
		{415CCE0F-BD6C-428D-B38F-179559E5547A}.Release|x86.Build.0 = Release|Any CPU
		{13471039-B47D-4C0C-8F43-04003D99BFAE}.Debug|Any CPU.ActiveCfg = Debug|Any CPU
		{13471039-B47D-4C0C-8F43-04003D99BFAE}.Debug|Any CPU.Build.0 = Debug|Any CPU
		{13471039-B47D-4C0C-8F43-04003D99BFAE}.Debug|x64.ActiveCfg = Debug|Any CPU
		{13471039-B47D-4C0C-8F43-04003D99BFAE}.Debug|x64.Build.0 = Debug|Any CPU
		{13471039-B47D-4C0C-8F43-04003D99BFAE}.Debug|x86.ActiveCfg = Debug|Any CPU
		{13471039-B47D-4C0C-8F43-04003D99BFAE}.Debug|x86.Build.0 = Debug|Any CPU
		{13471039-B47D-4C0C-8F43-04003D99BFAE}.Release|Any CPU.ActiveCfg = Release|Any CPU
		{13471039-B47D-4C0C-8F43-04003D99BFAE}.Release|Any CPU.Build.0 = Release|Any CPU
		{13471039-B47D-4C0C-8F43-04003D99BFAE}.Release|x64.ActiveCfg = Release|Any CPU
		{13471039-B47D-4C0C-8F43-04003D99BFAE}.Release|x64.Build.0 = Release|Any CPU
		{13471039-B47D-4C0C-8F43-04003D99BFAE}.Release|x86.ActiveCfg = Release|Any CPU
		{13471039-B47D-4C0C-8F43-04003D99BFAE}.Release|x86.Build.0 = Release|Any CPU
		{A21EBC52-D987-4AA0-90D9-E730983DB71E}.Debug|Any CPU.ActiveCfg = Debug|Any CPU
		{A21EBC52-D987-4AA0-90D9-E730983DB71E}.Debug|Any CPU.Build.0 = Debug|Any CPU
		{A21EBC52-D987-4AA0-90D9-E730983DB71E}.Debug|x64.ActiveCfg = Debug|Any CPU
		{A21EBC52-D987-4AA0-90D9-E730983DB71E}.Debug|x64.Build.0 = Debug|Any CPU
		{A21EBC52-D987-4AA0-90D9-E730983DB71E}.Debug|x86.ActiveCfg = Debug|Any CPU
		{A21EBC52-D987-4AA0-90D9-E730983DB71E}.Debug|x86.Build.0 = Debug|Any CPU
		{A21EBC52-D987-4AA0-90D9-E730983DB71E}.Release|Any CPU.ActiveCfg = Release|Any CPU
		{A21EBC52-D987-4AA0-90D9-E730983DB71E}.Release|Any CPU.Build.0 = Release|Any CPU
		{A21EBC52-D987-4AA0-90D9-E730983DB71E}.Release|x64.ActiveCfg = Release|Any CPU
		{A21EBC52-D987-4AA0-90D9-E730983DB71E}.Release|x64.Build.0 = Release|Any CPU
		{A21EBC52-D987-4AA0-90D9-E730983DB71E}.Release|x86.ActiveCfg = Release|Any CPU
		{A21EBC52-D987-4AA0-90D9-E730983DB71E}.Release|x86.Build.0 = Release|Any CPU
		{FC4CC85C-34FD-4A97-A9D7-951FC4274FB4}.Debug|Any CPU.ActiveCfg = Debug|Any CPU
		{FC4CC85C-34FD-4A97-A9D7-951FC4274FB4}.Debug|Any CPU.Build.0 = Debug|Any CPU
		{FC4CC85C-34FD-4A97-A9D7-951FC4274FB4}.Debug|x64.ActiveCfg = Debug|Any CPU
		{FC4CC85C-34FD-4A97-A9D7-951FC4274FB4}.Debug|x64.Build.0 = Debug|Any CPU
		{FC4CC85C-34FD-4A97-A9D7-951FC4274FB4}.Debug|x86.ActiveCfg = Debug|Any CPU
		{FC4CC85C-34FD-4A97-A9D7-951FC4274FB4}.Debug|x86.Build.0 = Debug|Any CPU
		{FC4CC85C-34FD-4A97-A9D7-951FC4274FB4}.Release|Any CPU.ActiveCfg = Release|Any CPU
		{FC4CC85C-34FD-4A97-A9D7-951FC4274FB4}.Release|Any CPU.Build.0 = Release|Any CPU
		{FC4CC85C-34FD-4A97-A9D7-951FC4274FB4}.Release|x64.ActiveCfg = Release|Any CPU
		{FC4CC85C-34FD-4A97-A9D7-951FC4274FB4}.Release|x64.Build.0 = Release|Any CPU
		{FC4CC85C-34FD-4A97-A9D7-951FC4274FB4}.Release|x86.ActiveCfg = Release|Any CPU
		{FC4CC85C-34FD-4A97-A9D7-951FC4274FB4}.Release|x86.Build.0 = Release|Any CPU
		{DC77C891-E4FF-4C98-8325-26910590BE18}.Debug|Any CPU.ActiveCfg = Debug|Any CPU
		{DC77C891-E4FF-4C98-8325-26910590BE18}.Debug|Any CPU.Build.0 = Debug|Any CPU
		{DC77C891-E4FF-4C98-8325-26910590BE18}.Debug|x64.ActiveCfg = Debug|Any CPU
		{DC77C891-E4FF-4C98-8325-26910590BE18}.Debug|x64.Build.0 = Debug|Any CPU
		{DC77C891-E4FF-4C98-8325-26910590BE18}.Debug|x86.ActiveCfg = Debug|Any CPU
		{DC77C891-E4FF-4C98-8325-26910590BE18}.Debug|x86.Build.0 = Debug|Any CPU
		{DC77C891-E4FF-4C98-8325-26910590BE18}.Release|Any CPU.ActiveCfg = Release|Any CPU
		{DC77C891-E4FF-4C98-8325-26910590BE18}.Release|Any CPU.Build.0 = Release|Any CPU
		{DC77C891-E4FF-4C98-8325-26910590BE18}.Release|x64.ActiveCfg = Release|Any CPU
		{DC77C891-E4FF-4C98-8325-26910590BE18}.Release|x64.Build.0 = Release|Any CPU
		{DC77C891-E4FF-4C98-8325-26910590BE18}.Release|x86.ActiveCfg = Release|Any CPU
		{DC77C891-E4FF-4C98-8325-26910590BE18}.Release|x86.Build.0 = Release|Any CPU
		{0659820D-BEBD-496D-AB35-93E0F55FB090}.Debug|Any CPU.ActiveCfg = Debug|Any CPU
		{0659820D-BEBD-496D-AB35-93E0F55FB090}.Debug|Any CPU.Build.0 = Debug|Any CPU
		{0659820D-BEBD-496D-AB35-93E0F55FB090}.Debug|x64.ActiveCfg = Debug|Any CPU
		{0659820D-BEBD-496D-AB35-93E0F55FB090}.Debug|x64.Build.0 = Debug|Any CPU
		{0659820D-BEBD-496D-AB35-93E0F55FB090}.Debug|x86.ActiveCfg = Debug|Any CPU
		{0659820D-BEBD-496D-AB35-93E0F55FB090}.Debug|x86.Build.0 = Debug|Any CPU
		{0659820D-BEBD-496D-AB35-93E0F55FB090}.Release|Any CPU.ActiveCfg = Release|Any CPU
		{0659820D-BEBD-496D-AB35-93E0F55FB090}.Release|Any CPU.Build.0 = Release|Any CPU
		{0659820D-BEBD-496D-AB35-93E0F55FB090}.Release|x64.ActiveCfg = Release|Any CPU
		{0659820D-BEBD-496D-AB35-93E0F55FB090}.Release|x64.Build.0 = Release|Any CPU
		{0659820D-BEBD-496D-AB35-93E0F55FB090}.Release|x86.ActiveCfg = Release|Any CPU
		{0659820D-BEBD-496D-AB35-93E0F55FB090}.Release|x86.Build.0 = Release|Any CPU
		{4E84F4A9-E64E-4763-BFE9-A6690F31C4AF}.Debug|Any CPU.ActiveCfg = Debug|Any CPU
		{4E84F4A9-E64E-4763-BFE9-A6690F31C4AF}.Debug|Any CPU.Build.0 = Debug|Any CPU
		{4E84F4A9-E64E-4763-BFE9-A6690F31C4AF}.Debug|x64.ActiveCfg = Debug|Any CPU
		{4E84F4A9-E64E-4763-BFE9-A6690F31C4AF}.Debug|x64.Build.0 = Debug|Any CPU
		{4E84F4A9-E64E-4763-BFE9-A6690F31C4AF}.Debug|x86.ActiveCfg = Debug|Any CPU
		{4E84F4A9-E64E-4763-BFE9-A6690F31C4AF}.Debug|x86.Build.0 = Debug|Any CPU
		{4E84F4A9-E64E-4763-BFE9-A6690F31C4AF}.Release|Any CPU.ActiveCfg = Release|Any CPU
		{4E84F4A9-E64E-4763-BFE9-A6690F31C4AF}.Release|Any CPU.Build.0 = Release|Any CPU
		{4E84F4A9-E64E-4763-BFE9-A6690F31C4AF}.Release|x64.ActiveCfg = Release|Any CPU
		{4E84F4A9-E64E-4763-BFE9-A6690F31C4AF}.Release|x64.Build.0 = Release|Any CPU
		{4E84F4A9-E64E-4763-BFE9-A6690F31C4AF}.Release|x86.ActiveCfg = Release|Any CPU
		{4E84F4A9-E64E-4763-BFE9-A6690F31C4AF}.Release|x86.Build.0 = Release|Any CPU
		{7D13A55E-2A73-4436-99FD-F4B01870AE04}.Debug|Any CPU.ActiveCfg = Debug|Any CPU
		{7D13A55E-2A73-4436-99FD-F4B01870AE04}.Debug|Any CPU.Build.0 = Debug|Any CPU
		{7D13A55E-2A73-4436-99FD-F4B01870AE04}.Debug|x64.ActiveCfg = Debug|Any CPU
		{7D13A55E-2A73-4436-99FD-F4B01870AE04}.Debug|x64.Build.0 = Debug|Any CPU
		{7D13A55E-2A73-4436-99FD-F4B01870AE04}.Debug|x86.ActiveCfg = Debug|Any CPU
		{7D13A55E-2A73-4436-99FD-F4B01870AE04}.Debug|x86.Build.0 = Debug|Any CPU
		{7D13A55E-2A73-4436-99FD-F4B01870AE04}.Release|Any CPU.ActiveCfg = Release|Any CPU
		{7D13A55E-2A73-4436-99FD-F4B01870AE04}.Release|Any CPU.Build.0 = Release|Any CPU
		{7D13A55E-2A73-4436-99FD-F4B01870AE04}.Release|x64.ActiveCfg = Release|Any CPU
		{7D13A55E-2A73-4436-99FD-F4B01870AE04}.Release|x64.Build.0 = Release|Any CPU
		{7D13A55E-2A73-4436-99FD-F4B01870AE04}.Release|x86.ActiveCfg = Release|Any CPU
		{7D13A55E-2A73-4436-99FD-F4B01870AE04}.Release|x86.Build.0 = Release|Any CPU
		{DBC0407E-2007-4B1E-9340-0DB82E400242}.Debug|Any CPU.ActiveCfg = Debug|Any CPU
		{DBC0407E-2007-4B1E-9340-0DB82E400242}.Debug|Any CPU.Build.0 = Debug|Any CPU
		{DBC0407E-2007-4B1E-9340-0DB82E400242}.Debug|x64.ActiveCfg = Debug|Any CPU
		{DBC0407E-2007-4B1E-9340-0DB82E400242}.Debug|x64.Build.0 = Debug|Any CPU
		{DBC0407E-2007-4B1E-9340-0DB82E400242}.Debug|x86.ActiveCfg = Debug|Any CPU
		{DBC0407E-2007-4B1E-9340-0DB82E400242}.Debug|x86.Build.0 = Debug|Any CPU
		{DBC0407E-2007-4B1E-9340-0DB82E400242}.Release|Any CPU.ActiveCfg = Release|Any CPU
		{DBC0407E-2007-4B1E-9340-0DB82E400242}.Release|Any CPU.Build.0 = Release|Any CPU
		{DBC0407E-2007-4B1E-9340-0DB82E400242}.Release|x64.ActiveCfg = Release|Any CPU
		{DBC0407E-2007-4B1E-9340-0DB82E400242}.Release|x64.Build.0 = Release|Any CPU
		{DBC0407E-2007-4B1E-9340-0DB82E400242}.Release|x86.ActiveCfg = Release|Any CPU
		{DBC0407E-2007-4B1E-9340-0DB82E400242}.Release|x86.Build.0 = Release|Any CPU
		{8B03CB9A-1276-4210-A24D-F4F4739FADE4}.Debug|Any CPU.ActiveCfg = Debug|Any CPU
		{8B03CB9A-1276-4210-A24D-F4F4739FADE4}.Debug|Any CPU.Build.0 = Debug|Any CPU
		{8B03CB9A-1276-4210-A24D-F4F4739FADE4}.Debug|x64.ActiveCfg = Debug|Any CPU
		{8B03CB9A-1276-4210-A24D-F4F4739FADE4}.Debug|x64.Build.0 = Debug|Any CPU
		{8B03CB9A-1276-4210-A24D-F4F4739FADE4}.Debug|x86.ActiveCfg = Debug|Any CPU
		{8B03CB9A-1276-4210-A24D-F4F4739FADE4}.Debug|x86.Build.0 = Debug|Any CPU
		{8B03CB9A-1276-4210-A24D-F4F4739FADE4}.Release|Any CPU.ActiveCfg = Release|Any CPU
		{8B03CB9A-1276-4210-A24D-F4F4739FADE4}.Release|Any CPU.Build.0 = Release|Any CPU
		{8B03CB9A-1276-4210-A24D-F4F4739FADE4}.Release|x64.ActiveCfg = Release|Any CPU
		{8B03CB9A-1276-4210-A24D-F4F4739FADE4}.Release|x64.Build.0 = Release|Any CPU
		{8B03CB9A-1276-4210-A24D-F4F4739FADE4}.Release|x86.ActiveCfg = Release|Any CPU
		{8B03CB9A-1276-4210-A24D-F4F4739FADE4}.Release|x86.Build.0 = Release|Any CPU
		{EE852002-BAB2-493F-A07B-8FCE64B4F83B}.Debug|Any CPU.ActiveCfg = Debug|Any CPU
		{EE852002-BAB2-493F-A07B-8FCE64B4F83B}.Debug|Any CPU.Build.0 = Debug|Any CPU
		{EE852002-BAB2-493F-A07B-8FCE64B4F83B}.Debug|x64.ActiveCfg = Debug|Any CPU
		{EE852002-BAB2-493F-A07B-8FCE64B4F83B}.Debug|x64.Build.0 = Debug|Any CPU
		{EE852002-BAB2-493F-A07B-8FCE64B4F83B}.Debug|x86.ActiveCfg = Debug|Any CPU
		{EE852002-BAB2-493F-A07B-8FCE64B4F83B}.Debug|x86.Build.0 = Debug|Any CPU
		{EE852002-BAB2-493F-A07B-8FCE64B4F83B}.Release|Any CPU.ActiveCfg = Release|Any CPU
		{EE852002-BAB2-493F-A07B-8FCE64B4F83B}.Release|Any CPU.Build.0 = Release|Any CPU
		{EE852002-BAB2-493F-A07B-8FCE64B4F83B}.Release|x64.ActiveCfg = Release|Any CPU
		{EE852002-BAB2-493F-A07B-8FCE64B4F83B}.Release|x64.Build.0 = Release|Any CPU
		{EE852002-BAB2-493F-A07B-8FCE64B4F83B}.Release|x86.ActiveCfg = Release|Any CPU
		{EE852002-BAB2-493F-A07B-8FCE64B4F83B}.Release|x86.Build.0 = Release|Any CPU
		{4ABED235-5FC0-46E6-B375-EF1554BD7974}.Debug|Any CPU.ActiveCfg = Debug|Any CPU
		{4ABED235-5FC0-46E6-B375-EF1554BD7974}.Debug|Any CPU.Build.0 = Debug|Any CPU
		{4ABED235-5FC0-46E6-B375-EF1554BD7974}.Debug|x64.ActiveCfg = Debug|Any CPU
		{4ABED235-5FC0-46E6-B375-EF1554BD7974}.Debug|x64.Build.0 = Debug|Any CPU
		{4ABED235-5FC0-46E6-B375-EF1554BD7974}.Debug|x86.ActiveCfg = Debug|Any CPU
		{4ABED235-5FC0-46E6-B375-EF1554BD7974}.Debug|x86.Build.0 = Debug|Any CPU
		{4ABED235-5FC0-46E6-B375-EF1554BD7974}.Release|Any CPU.ActiveCfg = Release|Any CPU
		{4ABED235-5FC0-46E6-B375-EF1554BD7974}.Release|Any CPU.Build.0 = Release|Any CPU
		{4ABED235-5FC0-46E6-B375-EF1554BD7974}.Release|x64.ActiveCfg = Release|Any CPU
		{4ABED235-5FC0-46E6-B375-EF1554BD7974}.Release|x64.Build.0 = Release|Any CPU
		{4ABED235-5FC0-46E6-B375-EF1554BD7974}.Release|x86.ActiveCfg = Release|Any CPU
		{4ABED235-5FC0-46E6-B375-EF1554BD7974}.Release|x86.Build.0 = Release|Any CPU
		{B2343EF8-6006-4615-BA28-9BBF74792597}.Debug|Any CPU.ActiveCfg = Debug|Any CPU
		{B2343EF8-6006-4615-BA28-9BBF74792597}.Debug|Any CPU.Build.0 = Debug|Any CPU
		{B2343EF8-6006-4615-BA28-9BBF74792597}.Debug|x64.ActiveCfg = Debug|Any CPU
		{B2343EF8-6006-4615-BA28-9BBF74792597}.Debug|x64.Build.0 = Debug|Any CPU
		{B2343EF8-6006-4615-BA28-9BBF74792597}.Debug|x86.ActiveCfg = Debug|Any CPU
		{B2343EF8-6006-4615-BA28-9BBF74792597}.Debug|x86.Build.0 = Debug|Any CPU
		{B2343EF8-6006-4615-BA28-9BBF74792597}.Release|Any CPU.ActiveCfg = Release|Any CPU
		{B2343EF8-6006-4615-BA28-9BBF74792597}.Release|Any CPU.Build.0 = Release|Any CPU
		{B2343EF8-6006-4615-BA28-9BBF74792597}.Release|x64.ActiveCfg = Release|Any CPU
		{B2343EF8-6006-4615-BA28-9BBF74792597}.Release|x64.Build.0 = Release|Any CPU
		{B2343EF8-6006-4615-BA28-9BBF74792597}.Release|x86.ActiveCfg = Release|Any CPU
		{B2343EF8-6006-4615-BA28-9BBF74792597}.Release|x86.Build.0 = Release|Any CPU
	EndGlobalSection
	GlobalSection(SolutionProperties) = preSolution
		HideSolutionNode = FALSE
	EndGlobalSection
	GlobalSection(ExtensibilityGlobals) = postSolution
		SolutionGuid = {960C3460-A919-4698-A055-3CC548BC156C}
	EndGlobalSection
EndGlobal
